
Microsoft Visual Studio Solution File, Format Version 12.00
# Visual Studio Version 17
VisualStudioVersion = 17.5.33414.496
MinimumVisualStudioVersion = 10.0.40219.1
Project("{FAE04EC0-301F-11D3-BF4B-00C04F79EFBC}") = "CRMFinalProject", "CRMFinalProject\CRMFinalProject.csproj", "{2532F6D4-3055-4B3C-A0AA-C594B40B6393}"
EndProject
Project("{FAE04EC0-301F-11D3-BF4B-00C04F79EFBC}") = "BE", "BE\BE.csproj", "{AAC908E3-38F9-4999-88EB-440EC5433291}"
EndProject
Project("{FAE04EC0-301F-11D3-BF4B-00C04F79EFBC}") = "BLL", "BLL\BLL.csproj", "{DAAD5F6F-819A-4F47-9207-7A9FE9A67408}"
EndProject
Project("{FAE04EC0-301F-11D3-BF4B-00C04F79EFBC}") = "DAL", "DAL\DAL.csproj", "{437993C6-25D8-4F14-848D-16C82ACE0020}"
EndProject
Global
	GlobalSection(SolutionConfigurationPlatforms) = preSolution
		Debug|Any CPU = Debug|Any CPU
		Release|Any CPU = Release|Any CPU
	EndGlobalSection
	GlobalSection(ProjectConfigurationPlatforms) = postSolution
		{2532F6D4-3055-4B3C-A0AA-C594B40B6393}.Debug|Any CPU.ActiveCfg = Debug|Any CPU
		{2532F6D4-3055-4B3C-A0AA-C594B40B6393}.Debug|Any CPU.Build.0 = Debug|Any CPU
		{2532F6D4-3055-4B3C-A0AA-C594B40B6393}.Release|Any CPU.ActiveCfg = Release|Any CPU
		{2532F6D4-3055-4B3C-A0AA-C594B40B6393}.Release|Any CPU.Build.0 = Release|Any CPU
		{AAC908E3-38F9-4999-88EB-440EC5433291}.Debug|Any CPU.ActiveCfg = Debug|Any CPU
		{AAC908E3-38F9-4999-88EB-440EC5433291}.Debug|Any CPU.Build.0 = Debug|Any CPU
		{AAC908E3-38F9-4999-88EB-440EC5433291}.Release|Any CPU.ActiveCfg = Release|Any CPU
		{AAC908E3-38F9-4999-88EB-440EC5433291}.Release|Any CPU.Build.0 = Release|Any CPU
		{DAAD5F6F-819A-4F47-9207-7A9FE9A67408}.Debug|Any CPU.ActiveCfg = Debug|Any CPU
		{DAAD5F6F-819A-4F47-9207-7A9FE9A67408}.Debug|Any CPU.Build.0 = Debug|Any CPU
		{DAAD5F6F-819A-4F47-9207-7A9FE9A67408}.Release|Any CPU.ActiveCfg = Release|Any CPU
		{DAAD5F6F-819A-4F47-9207-7A9FE9A67408}.Release|Any CPU.Build.0 = Release|Any CPU
		{437993C6-25D8-4F14-848D-16C82ACE0020}.Debug|Any CPU.ActiveCfg = Debug|Any CPU
		{437993C6-25D8-4F14-848D-16C82ACE0020}.Debug|Any CPU.Build.0 = Debug|Any CPU
		{437993C6-25D8-4F14-848D-16C82ACE0020}.Release|Any CPU.ActiveCfg = Release|Any CPU
		{437993C6-25D8-4F14-848D-16C82ACE0020}.Release|Any CPU.Build.0 = Release|Any CPU
	EndGlobalSection
	GlobalSection(SolutionProperties) = preSolution
		HideSolutionNode = FALSE
	EndGlobalSection
	GlobalSection(ExtensibilityGlobals) = postSolution
		SolutionGuid = {95F61F82-3B4F-4B99-8F4D-84B84910DF0B}
	EndGlobalSection
EndGlobal
